
Microsoft Visual Studio Solution File, Format Version 12.00
# Visual Studio Version 16
VisualStudioVersion = 16.0.30517.126
MinimumVisualStudioVersion = 10.0.40219.1
Project("{FAE04EC0-301F-11D3-BF4B-00C04F79EFBC}") = "Day3", "Day3\Day3.csproj", "{237B6D49-DFE9-4C0B-B98F-F5B57683CB31}"
EndProject
Project("{FAE04EC0-301F-11D3-BF4B-00C04F79EFBC}") = "XUnitTests", "XUnitTests\XUnitTests.csproj", "{9441ACBF-F0DC-481D-942D-947B9CF77AFA}"
EndProject
Global
	GlobalSection(SolutionConfigurationPlatforms) = preSolution
		Debug|Any CPU = Debug|Any CPU
		Release|Any CPU = Release|Any CPU
	EndGlobalSection
	GlobalSection(ProjectConfigurationPlatforms) = postSolution
		{237B6D49-DFE9-4C0B-B98F-F5B57683CB31}.Debug|Any CPU.ActiveCfg = Debug|Any CPU
		{237B6D49-DFE9-4C0B-B98F-F5B57683CB31}.Debug|Any CPU.Build.0 = Debug|Any CPU
		{237B6D49-DFE9-4C0B-B98F-F5B57683CB31}.Release|Any CPU.ActiveCfg = Release|Any CPU
		{237B6D49-DFE9-4C0B-B98F-F5B57683CB31}.Release|Any CPU.Build.0 = Release|Any CPU
		{9441ACBF-F0DC-481D-942D-947B9CF77AFA}.Debug|Any CPU.ActiveCfg = Debug|Any CPU
		{9441ACBF-F0DC-481D-942D-947B9CF77AFA}.Debug|Any CPU.Build.0 = Debug|Any CPU
		{9441ACBF-F0DC-481D-942D-947B9CF77AFA}.Release|Any CPU.ActiveCfg = Release|Any CPU
		{9441ACBF-F0DC-481D-942D-947B9CF77AFA}.Release|Any CPU.Build.0 = Release|Any CPU
	EndGlobalSection
	GlobalSection(SolutionProperties) = preSolution
		HideSolutionNode = FALSE
	EndGlobalSection
	GlobalSection(ExtensibilityGlobals) = postSolution
		SolutionGuid = {3BFF437C-16E1-42C1-B45E-6659C9FF289A}
	EndGlobalSection
EndGlobal
